
Microsoft Visual Studio Solution File, Format Version 12.00
# Visual Studio 15
VisualStudioVersion = 15.0.26403.7
MinimumVisualStudioVersion = 10.0.40219.1
Project("{9A19103F-16F7-4668-BE54-9A1E7A4F7556}") = "Scheduler.Model", "Scheduler.Model\Scheduler.Model.csproj", "{6B8A8A76-7D33-4F3A-B012-908D46DACF8E}"
EndProject
Project("{9A19103F-16F7-4668-BE54-9A1E7A4F7556}") = "Scheduler.Data", "Scheduler.Data\Scheduler.Data.csproj", "{83AA2666-2D40-41A1-9B1E-BE334156B48B}"
EndProject
Project("{9A19103F-16F7-4668-BE54-9A1E7A4F7556}") = "Scheduler.API", "Scheduler.API\Scheduler.API.csproj", "{004F996F-3F86-4203-AC9A-91DADEA654A9}"
EndProject
Global
	GlobalSection(SolutionConfigurationPlatforms) = preSolution
		Debug|Any CPU = Debug|Any CPU
		Release|Any CPU = Release|Any CPU
	EndGlobalSection
	GlobalSection(ProjectConfigurationPlatforms) = postSolution
		{6B8A8A76-7D33-4F3A-B012-908D46DACF8E}.Debug|Any CPU.ActiveCfg = Debug|Any CPU
		{6B8A8A76-7D33-4F3A-B012-908D46DACF8E}.Debug|Any CPU.Build.0 = Debug|Any CPU
		{6B8A8A76-7D33-4F3A-B012-908D46DACF8E}.Release|Any CPU.ActiveCfg = Release|Any CPU
		{6B8A8A76-7D33-4F3A-B012-908D46DACF8E}.Release|Any CPU.Build.0 = Release|Any CPU
		{83AA2666-2D40-41A1-9B1E-BE334156B48B}.Debug|Any CPU.ActiveCfg = Debug|Any CPU
		{83AA2666-2D40-41A1-9B1E-BE334156B48B}.Debug|Any CPU.Build.0 = Debug|Any CPU
		{83AA2666-2D40-41A1-9B1E-BE334156B48B}.Release|Any CPU.ActiveCfg = Release|Any CPU
		{83AA2666-2D40-41A1-9B1E-BE334156B48B}.Release|Any CPU.Build.0 = Release|Any CPU
		{004F996F-3F86-4203-AC9A-91DADEA654A9}.Debug|Any CPU.ActiveCfg = Debug|Any CPU
		{004F996F-3F86-4203-AC9A-91DADEA654A9}.Debug|Any CPU.Build.0 = Debug|Any CPU
		{004F996F-3F86-4203-AC9A-91DADEA654A9}.Release|Any CPU.ActiveCfg = Release|Any CPU
		{004F996F-3F86-4203-AC9A-91DADEA654A9}.Release|Any CPU.Build.0 = Release|Any CPU
	EndGlobalSection
	GlobalSection(SolutionProperties) = preSolution
		HideSolutionNode = FALSE
	EndGlobalSection
EndGlobal
